
Microsoft Visual Studio Solution File, Format Version 12.00
# Visual Studio 15
VisualStudioVersion = 15.0.28307.852
MinimumVisualStudioVersion = 10.0.40219.1
Project("{FAE04EC0-301F-11D3-BF4B-00C04F79EFBC}") = "Focos", "Focos\Focos.csproj", "{A10FE88E-9582-4470-A09D-2A7BCC2090EB}"
EndProject
Global
	GlobalSection(SolutionConfigurationPlatforms) = preSolution
		Debug|Any CPU = Debug|Any CPU
		Release|Any CPU = Release|Any CPU
	EndGlobalSection
	GlobalSection(ProjectConfigurationPlatforms) = postSolution
		{A10FE88E-9582-4470-A09D-2A7BCC2090EB}.Debug|Any CPU.ActiveCfg = Debug|Any CPU
		{A10FE88E-9582-4470-A09D-2A7BCC2090EB}.Debug|Any CPU.Build.0 = Debug|Any CPU
		{A10FE88E-9582-4470-A09D-2A7BCC2090EB}.Release|Any CPU.ActiveCfg = Release|Any CPU
		{A10FE88E-9582-4470-A09D-2A7BCC2090EB}.Release|Any CPU.Build.0 = Release|Any CPU
	EndGlobalSection
	GlobalSection(SolutionProperties) = preSolution
		HideSolutionNode = FALSE
	EndGlobalSection
	GlobalSection(ExtensibilityGlobals) = postSolution
		SolutionGuid = {F7B074D5-420E-4616-B74A-A4443C75D473}
	EndGlobalSection
EndGlobal
